
Microsoft Visual Studio Solution File, Format Version 12.00
# Visual Studio Version 17
VisualStudioVersion = 17.7.34221.43
MinimumVisualStudioVersion = 10.0.40219.1
Project("{54A90642-561A-4BB1-A94E-469ADEE60C69}") = "reactapp", "reactapp\reactapp.esproj", "{CED78BB4-DE59-4FFE-A303-D083DB33C1FA}"
EndProject
Project("{9A19103F-16F7-4668-BE54-9A1E7A4F7556}") = "webapi", "webapi\webapi.csproj", "{4DBC1041-1D59-4C59-884B-66E263F4B60C}"
EndProject
Project("{FAE04EC0-301F-11D3-BF4B-00C04F79EFBC}") = "domain", "Domain\domain.csproj", "{54122F24-1DF2-4945-881D-D73A0DB63171}"
EndProject
Project("{FAE04EC0-301F-11D3-BF4B-00C04F79EFBC}") = "repository", "repository\repository.csproj", "{1C5B9834-993A-492F-9080-9BBB2A8F67CE}"
EndProject
Project("{FAE04EC0-301F-11D3-BF4B-00C04F79EFBC}") = "setting", "setting\setting.csproj", "{B143FAB2-05D6-464A-85CE-A547C1D26869}"
EndProject
Global
	GlobalSection(SolutionConfigurationPlatforms) = preSolution
		Debug|Any CPU = Debug|Any CPU
		Release|Any CPU = Release|Any CPU
	EndGlobalSection
	GlobalSection(ProjectConfigurationPlatforms) = postSolution
		{CED78BB4-DE59-4FFE-A303-D083DB33C1FA}.Debug|Any CPU.ActiveCfg = Debug|Any CPU
		{CED78BB4-DE59-4FFE-A303-D083DB33C1FA}.Debug|Any CPU.Build.0 = Debug|Any CPU
		{CED78BB4-DE59-4FFE-A303-D083DB33C1FA}.Debug|Any CPU.Deploy.0 = Debug|Any CPU
		{CED78BB4-DE59-4FFE-A303-D083DB33C1FA}.Release|Any CPU.ActiveCfg = Release|Any CPU
		{CED78BB4-DE59-4FFE-A303-D083DB33C1FA}.Release|Any CPU.Build.0 = Release|Any CPU
		{CED78BB4-DE59-4FFE-A303-D083DB33C1FA}.Release|Any CPU.Deploy.0 = Release|Any CPU
		{4DBC1041-1D59-4C59-884B-66E263F4B60C}.Debug|Any CPU.ActiveCfg = Debug|Any CPU
		{4DBC1041-1D59-4C59-884B-66E263F4B60C}.Debug|Any CPU.Build.0 = Debug|Any CPU
		{4DBC1041-1D59-4C59-884B-66E263F4B60C}.Release|Any CPU.ActiveCfg = Release|Any CPU
		{4DBC1041-1D59-4C59-884B-66E263F4B60C}.Release|Any CPU.Build.0 = Release|Any CPU
		{54122F24-1DF2-4945-881D-D73A0DB63171}.Debug|Any CPU.ActiveCfg = Debug|Any CPU
		{54122F24-1DF2-4945-881D-D73A0DB63171}.Debug|Any CPU.Build.0 = Debug|Any CPU
		{54122F24-1DF2-4945-881D-D73A0DB63171}.Release|Any CPU.ActiveCfg = Release|Any CPU
		{54122F24-1DF2-4945-881D-D73A0DB63171}.Release|Any CPU.Build.0 = Release|Any CPU
		{1C5B9834-993A-492F-9080-9BBB2A8F67CE}.Debug|Any CPU.ActiveCfg = Debug|Any CPU
		{1C5B9834-993A-492F-9080-9BBB2A8F67CE}.Debug|Any CPU.Build.0 = Debug|Any CPU
		{1C5B9834-993A-492F-9080-9BBB2A8F67CE}.Release|Any CPU.ActiveCfg = Release|Any CPU
		{1C5B9834-993A-492F-9080-9BBB2A8F67CE}.Release|Any CPU.Build.0 = Release|Any CPU
		{B143FAB2-05D6-464A-85CE-A547C1D26869}.Debug|Any CPU.ActiveCfg = Debug|Any CPU
		{B143FAB2-05D6-464A-85CE-A547C1D26869}.Debug|Any CPU.Build.0 = Debug|Any CPU
		{B143FAB2-05D6-464A-85CE-A547C1D26869}.Release|Any CPU.ActiveCfg = Release|Any CPU
		{B143FAB2-05D6-464A-85CE-A547C1D26869}.Release|Any CPU.Build.0 = Release|Any CPU
	EndGlobalSection
	GlobalSection(SolutionProperties) = preSolution
		HideSolutionNode = FALSE
	EndGlobalSection
	GlobalSection(ExtensibilityGlobals) = postSolution
		SolutionGuid = {6BADE0AE-96D4-4367-8773-0050560C46E9}
	EndGlobalSection
EndGlobal
